
Microsoft Visual Studio Solution File, Format Version 12.00
# Visual Studio 15
VisualStudioVersion = 15.0.27428.2005
MinimumVisualStudioVersion = 10.0.40219.1
Project("{FAE04EC0-301F-11D3-BF4B-00C04F79EFBC}") = "BookShop.Core", "BookShop.Core\BookShop.Core.csproj", "{AD3627AB-B4CB-4946-A484-3FFFBC73AE5E}"
EndProject
Project("{FAE04EC0-301F-11D3-BF4B-00C04F79EFBC}") = "BookShop.Data", "BookShop.Data\BookShop.Data.csproj", "{0CF2FFE8-8E5F-4478-A4CF-F65A1AF9DBCF}"
EndProject
Project("{FAE04EC0-301F-11D3-BF4B-00C04F79EFBC}") = "BookShop.Services", "BookShop.Services\BookShop.Services.csproj", "{FDECF424-237E-42BE-BD87-80DDADC9B99C}"
EndProject
Project("{FAE04EC0-301F-11D3-BF4B-00C04F79EFBC}") = "BookShop.WebMVC", "BookShop.WebMVC\BookShop.WebMVC.csproj", "{08CF254B-3DD0-4B75-BE6B-386C9CA4531E}"
EndProject
Global
	GlobalSection(SolutionConfigurationPlatforms) = preSolution
		Debug|Any CPU = Debug|Any CPU
		Release|Any CPU = Release|Any CPU
	EndGlobalSection
	GlobalSection(ProjectConfigurationPlatforms) = postSolution
		{AD3627AB-B4CB-4946-A484-3FFFBC73AE5E}.Debug|Any CPU.ActiveCfg = Debug|Any CPU
		{AD3627AB-B4CB-4946-A484-3FFFBC73AE5E}.Debug|Any CPU.Build.0 = Debug|Any CPU
		{AD3627AB-B4CB-4946-A484-3FFFBC73AE5E}.Release|Any CPU.ActiveCfg = Release|Any CPU
		{AD3627AB-B4CB-4946-A484-3FFFBC73AE5E}.Release|Any CPU.Build.0 = Release|Any CPU
		{0CF2FFE8-8E5F-4478-A4CF-F65A1AF9DBCF}.Debug|Any CPU.ActiveCfg = Debug|Any CPU
		{0CF2FFE8-8E5F-4478-A4CF-F65A1AF9DBCF}.Debug|Any CPU.Build.0 = Debug|Any CPU
		{0CF2FFE8-8E5F-4478-A4CF-F65A1AF9DBCF}.Release|Any CPU.ActiveCfg = Release|Any CPU
		{0CF2FFE8-8E5F-4478-A4CF-F65A1AF9DBCF}.Release|Any CPU.Build.0 = Release|Any CPU
		{FDECF424-237E-42BE-BD87-80DDADC9B99C}.Debug|Any CPU.ActiveCfg = Debug|Any CPU
		{FDECF424-237E-42BE-BD87-80DDADC9B99C}.Debug|Any CPU.Build.0 = Debug|Any CPU
		{FDECF424-237E-42BE-BD87-80DDADC9B99C}.Release|Any CPU.ActiveCfg = Release|Any CPU
		{FDECF424-237E-42BE-BD87-80DDADC9B99C}.Release|Any CPU.Build.0 = Release|Any CPU
		{08CF254B-3DD0-4B75-BE6B-386C9CA4531E}.Debug|Any CPU.ActiveCfg = Debug|Any CPU
		{08CF254B-3DD0-4B75-BE6B-386C9CA4531E}.Debug|Any CPU.Build.0 = Debug|Any CPU
		{08CF254B-3DD0-4B75-BE6B-386C9CA4531E}.Release|Any CPU.ActiveCfg = Release|Any CPU
		{08CF254B-3DD0-4B75-BE6B-386C9CA4531E}.Release|Any CPU.Build.0 = Release|Any CPU
	EndGlobalSection
	GlobalSection(SolutionProperties) = preSolution
		HideSolutionNode = FALSE
	EndGlobalSection
	GlobalSection(ExtensibilityGlobals) = postSolution
		SolutionGuid = {7CA42C88-14E5-4086-8736-E088D002F1EB}
	EndGlobalSection
EndGlobal
